
Microsoft Visual Studio Solution File, Format Version 12.00
# Visual Studio Version 17
VisualStudioVersion = 17.14.36414.22
MinimumVisualStudioVersion = 10.0.40219.1
Project("{FAE04EC0-301F-11D3-BF4B-00C04F79EFBC}") = "AINews.Domain", "AINews.Domain\AINews.Domain.csproj", "{D5563143-22F3-43BE-B5CB-51A73BB1BEA0}"
EndProject
Project("{2150E333-8FDC-42A3-9474-1A3956D46DE8}") = "src", "src", "{02EA681E-C7D8-13C7-8484-4AC65E1B71E8}"
EndProject
Project("{2150E333-8FDC-42A3-9474-1A3956D46DE8}") = "Test", "Test", "{0DC8C93A-D618-4FDC-B033-C18A3D6EA5F3}"
EndProject
Project("{2150E333-8FDC-42A3-9474-1A3956D46DE8}") = "Core", "Core", "{45CF036F-23DC-4444-A118-A8670DFDD228}"
EndProject
Project("{2150E333-8FDC-42A3-9474-1A3956D46DE8}") = "Infrastructure", "Infrastructure", "{9E011AD5-601E-4B7D-A79F-80CCCCFEB54F}"
EndProject
Project("{2150E333-8FDC-42A3-9474-1A3956D46DE8}") = "Api", "Api", "{40A0D1FA-EB7C-4997-8863-503D7AFF93B2}"
EndProject
Project("{FAE04EC0-301F-11D3-BF4B-00C04F79EFBC}") = "AINews.Application", "AINews.Application\AINews.Application.csproj", "{F2D52B1E-AE5E-4073-A541-C9A78579421C}"
EndProject
Project("{FAE04EC0-301F-11D3-BF4B-00C04F79EFBC}") = "AINews.Persistance", "AINews.Persistance\AINews.Persistance.csproj", "{5F6C3D2D-C3EA-4E38-AC7E-7DF000666383}"
EndProject
Project("{FAE04EC0-301F-11D3-BF4B-00C04F79EFBC}") = "AINews.Api", "AINews.Api\AINews.Api.csproj", "{292D0CBB-731C-4A46-8D93-F90626090BA5}"
EndProject
Project("{2150E333-8FDC-42A3-9474-1A3956D46DE8}") = "UI", "UI", "{712A22D6-4688-409A-9526-959EE9DA15EC}"
EndProject
Global
	GlobalSection(SolutionConfigurationPlatforms) = preSolution
		Debug|Any CPU = Debug|Any CPU
		Release|Any CPU = Release|Any CPU
	EndGlobalSection
	GlobalSection(ProjectConfigurationPlatforms) = postSolution
		{D5563143-22F3-43BE-B5CB-51A73BB1BEA0}.Debug|Any CPU.ActiveCfg = Debug|Any CPU
		{D5563143-22F3-43BE-B5CB-51A73BB1BEA0}.Debug|Any CPU.Build.0 = Debug|Any CPU
		{D5563143-22F3-43BE-B5CB-51A73BB1BEA0}.Release|Any CPU.ActiveCfg = Release|Any CPU
		{D5563143-22F3-43BE-B5CB-51A73BB1BEA0}.Release|Any CPU.Build.0 = Release|Any CPU
		{F2D52B1E-AE5E-4073-A541-C9A78579421C}.Debug|Any CPU.ActiveCfg = Debug|Any CPU
		{F2D52B1E-AE5E-4073-A541-C9A78579421C}.Debug|Any CPU.Build.0 = Debug|Any CPU
		{F2D52B1E-AE5E-4073-A541-C9A78579421C}.Release|Any CPU.ActiveCfg = Release|Any CPU
		{F2D52B1E-AE5E-4073-A541-C9A78579421C}.Release|Any CPU.Build.0 = Release|Any CPU
		{5F6C3D2D-C3EA-4E38-AC7E-7DF000666383}.Debug|Any CPU.ActiveCfg = Debug|Any CPU
		{5F6C3D2D-C3EA-4E38-AC7E-7DF000666383}.Debug|Any CPU.Build.0 = Debug|Any CPU
		{5F6C3D2D-C3EA-4E38-AC7E-7DF000666383}.Release|Any CPU.ActiveCfg = Release|Any CPU
		{5F6C3D2D-C3EA-4E38-AC7E-7DF000666383}.Release|Any CPU.Build.0 = Release|Any CPU
		{292D0CBB-731C-4A46-8D93-F90626090BA5}.Debug|Any CPU.ActiveCfg = Debug|Any CPU
		{292D0CBB-731C-4A46-8D93-F90626090BA5}.Debug|Any CPU.Build.0 = Debug|Any CPU
		{292D0CBB-731C-4A46-8D93-F90626090BA5}.Release|Any CPU.ActiveCfg = Release|Any CPU
		{292D0CBB-731C-4A46-8D93-F90626090BA5}.Release|Any CPU.Build.0 = Release|Any CPU
	EndGlobalSection
	GlobalSection(SolutionProperties) = preSolution
		HideSolutionNode = FALSE
	EndGlobalSection
	GlobalSection(NestedProjects) = preSolution
		{D5563143-22F3-43BE-B5CB-51A73BB1BEA0} = {45CF036F-23DC-4444-A118-A8670DFDD228}
		{45CF036F-23DC-4444-A118-A8670DFDD228} = {02EA681E-C7D8-13C7-8484-4AC65E1B71E8}
		{9E011AD5-601E-4B7D-A79F-80CCCCFEB54F} = {02EA681E-C7D8-13C7-8484-4AC65E1B71E8}
		{40A0D1FA-EB7C-4997-8863-503D7AFF93B2} = {02EA681E-C7D8-13C7-8484-4AC65E1B71E8}
		{F2D52B1E-AE5E-4073-A541-C9A78579421C} = {45CF036F-23DC-4444-A118-A8670DFDD228}
		{5F6C3D2D-C3EA-4E38-AC7E-7DF000666383} = {9E011AD5-601E-4B7D-A79F-80CCCCFEB54F}
		{292D0CBB-731C-4A46-8D93-F90626090BA5} = {40A0D1FA-EB7C-4997-8863-503D7AFF93B2}
		{712A22D6-4688-409A-9526-959EE9DA15EC} = {02EA681E-C7D8-13C7-8484-4AC65E1B71E8}
	EndGlobalSection
	GlobalSection(ExtensibilityGlobals) = postSolution
		SolutionGuid = {5FC75311-B982-41D3-8F2F-CD6DA536C236}
	EndGlobalSection
EndGlobal
