
Microsoft Visual Studio Solution File, Format Version 12.00
# Visual Studio Version 17
VisualStudioVersion = 17.14.36414.22 d17.14
MinimumVisualStudioVersion = 10.0.40219.1
Project("{FAE04EC0-301F-11D3-BF4B-00C04F79EFBC}") = "AINews.Domain", "AINews.Domain\AINews.Domain.csproj", "{D5563143-22F3-43BE-B5CB-51A73BB1BEA0}"
EndProject
Global
	GlobalSection(SolutionConfigurationPlatforms) = preSolution
		Debug|Any CPU = Debug|Any CPU
		Release|Any CPU = Release|Any CPU
	EndGlobalSection
	GlobalSection(ProjectConfigurationPlatforms) = postSolution
		{D5563143-22F3-43BE-B5CB-51A73BB1BEA0}.Debug|Any CPU.ActiveCfg = Debug|Any CPU
		{D5563143-22F3-43BE-B5CB-51A73BB1BEA0}.Debug|Any CPU.Build.0 = Debug|Any CPU
		{D5563143-22F3-43BE-B5CB-51A73BB1BEA0}.Release|Any CPU.ActiveCfg = Release|Any CPU
		{D5563143-22F3-43BE-B5CB-51A73BB1BEA0}.Release|Any CPU.Build.0 = Release|Any CPU
	EndGlobalSection
	GlobalSection(SolutionProperties) = preSolution
		HideSolutionNode = FALSE
	EndGlobalSection
	GlobalSection(ExtensibilityGlobals) = postSolution
		SolutionGuid = {5FC75311-B982-41D3-8F2F-CD6DA536C236}
	EndGlobalSection
EndGlobal
